
Microsoft Visual Studio Solution File, Format Version 12.00
# Visual Studio Version 17
VisualStudioVersion = 17.7.34221.43
MinimumVisualStudioVersion = 10.0.40219.1
Project("{FAE04EC0-301F-11D3-BF4B-00C04F79EFBC}") = "Släng", "Släng\Släng.csproj", "{5E8EB44F-16C0-4609-B0B1-68E0E06E50C7}"
EndProject
Global
	GlobalSection(SolutionConfigurationPlatforms) = preSolution
		Debug|Any CPU = Debug|Any CPU
		Release|Any CPU = Release|Any CPU
	EndGlobalSection
	GlobalSection(ProjectConfigurationPlatforms) = postSolution
		{5E8EB44F-16C0-4609-B0B1-68E0E06E50C7}.Debug|Any CPU.ActiveCfg = Debug|Any CPU
		{5E8EB44F-16C0-4609-B0B1-68E0E06E50C7}.Debug|Any CPU.Build.0 = Debug|Any CPU
		{5E8EB44F-16C0-4609-B0B1-68E0E06E50C7}.Debug|Any CPU.Deploy.0 = Debug|Any CPU
		{5E8EB44F-16C0-4609-B0B1-68E0E06E50C7}.Release|Any CPU.ActiveCfg = Release|Any CPU
		{5E8EB44F-16C0-4609-B0B1-68E0E06E50C7}.Release|Any CPU.Build.0 = Release|Any CPU
		{5E8EB44F-16C0-4609-B0B1-68E0E06E50C7}.Release|Any CPU.Deploy.0 = Release|Any CPU
	EndGlobalSection
	GlobalSection(SolutionProperties) = preSolution
		HideSolutionNode = FALSE
	EndGlobalSection
	GlobalSection(ExtensibilityGlobals) = postSolution
		SolutionGuid = {60B8C6B6-2F82-49DC-B098-46FB9C2B274C}
	EndGlobalSection
EndGlobal
